version: 5
environments:
  default:
    channels:
    - url: https://conda.anaconda.org/conda-forge/
    packages:
      linux-64:
      - conda: https://conda.anaconda.org/conda-forge/linux-64/_libgcc_mutex-0.1-conda_forge.tar.bz2
      - conda: https://conda.anaconda.org/conda-forge/linux-64/_openmp_mutex-4.5-2_gnu.tar.bz2
      - conda: https://conda.anaconda.org/conda-forge/noarch/_sysroot_linux-64_curr_repodata_hack-3-h69a702a_16.conda
      - conda: https://conda.anaconda.org/conda-forge/linux-64/abseil-cpp-20220623.0-h8cdb687_6.conda
      - conda: https://conda.anaconda.org/conda-forge/linux-64/binutils_impl_linux-64-2.40-ha1999f0_7.conda
      - conda: https://conda.anaconda.org/conda-forge/linux-64/bzip2-1.0.8-h4bc722e_7.conda
      - conda: https://conda.anaconda.org/conda-forge/linux-64/c-ares-1.33.1-heb4867d_0.conda
      - conda: https://conda.anaconda.org/conda-forge/linux-64/ca-certificates-2024.8.30-hbcca054_0.conda
      - conda: https://conda.anaconda.org/conda-forge/linux-64/cmake-3.30.3-hf9cb763_0.conda
      - conda: https://conda.anaconda.org/conda-forge/linux-64/gcc-14.1.0-h6f9ffa1_1.conda
      - conda: https://conda.anaconda.org/conda-forge/linux-64/gcc_impl_linux-64-14.1.0-h3c94d91_1.conda
      - conda: https://conda.anaconda.org/conda-forge/linux-64/gxx-14.1.0-h6f9ffa1_1.conda
      - conda: https://conda.anaconda.org/conda-forge/linux-64/gxx_impl_linux-64-14.1.0-h8d00ecb_1.conda
      - conda: https://conda.anaconda.org/conda-forge/noarch/kernel-headers_linux-64-3.10.0-h4a8ded7_16.conda
      - conda: https://conda.anaconda.org/conda-forge/linux-64/keyutils-1.6.1-h166bdaf_0.tar.bz2
      - conda: https://conda.anaconda.org/conda-forge/linux-64/krb5-1.21.3-h659f571_0.conda
      - conda: https://conda.anaconda.org/conda-forge/linux-64/ld_impl_linux-64-2.40-hf3520f5_7.conda
      - conda: https://conda.anaconda.org/conda-forge/linux-64/libabseil-20220623.0-cxx17_h05df665_6.conda
      - conda: https://conda.anaconda.org/conda-forge/linux-64/libcurl-8.10.1-hbbe4b11_0.conda
      - conda: https://conda.anaconda.org/conda-forge/linux-64/libedit-3.1.20191231-he28a2e2_2.tar.bz2
      - conda: https://conda.anaconda.org/conda-forge/linux-64/libev-4.33-hd590300_2.conda
      - conda: https://conda.anaconda.org/conda-forge/linux-64/libexpat-2.6.3-h5888daf_0.conda
      - conda: https://conda.anaconda.org/conda-forge/linux-64/libffi-3.4.2-h7f98852_5.tar.bz2
      - conda: https://conda.anaconda.org/conda-forge/linux-64/libgcc-14.1.0-h77fa898_1.conda
      - conda: https://conda.anaconda.org/conda-forge/noarch/libgcc-devel_linux-64-14.1.0-h5d3d1c9_101.conda
      - conda: https://conda.anaconda.org/conda-forge/linux-64/libgcc-ng-14.1.0-h69a702a_1.conda
      - conda: https://conda.anaconda.org/conda-forge/linux-64/libgomp-14.1.0-h77fa898_1.conda
      - conda: https://conda.anaconda.org/conda-forge/linux-64/libnghttp2-1.58.0-h47da74e_1.conda
      - conda: https://conda.anaconda.org/conda-forge/linux-64/libnsl-2.0.1-hd590300_0.conda
      - conda: https://conda.anaconda.org/conda-forge/linux-64/libsanitizer-14.1.0-hcba0ae0_1.conda
      - conda: https://conda.anaconda.org/conda-forge/linux-64/libsqlite-3.46.1-hadc24fc_0.conda
      - conda: https://conda.anaconda.org/conda-forge/linux-64/libssh2-1.11.0-h0841786_0.conda
      - conda: https://conda.anaconda.org/conda-forge/linux-64/libstdcxx-14.1.0-hc0a3c3a_1.conda
      - conda: https://conda.anaconda.org/conda-forge/noarch/libstdcxx-devel_linux-64-14.1.0-h5d3d1c9_101.conda
      - conda: https://conda.anaconda.org/conda-forge/linux-64/libstdcxx-ng-14.1.0-h4852527_1.conda
      - conda: https://conda.anaconda.org/conda-forge/linux-64/libuuid-2.38.1-h0b41bf4_0.conda
      - conda: https://conda.anaconda.org/conda-forge/linux-64/libuv-1.48.0-hd590300_0.conda
      - conda: https://conda.anaconda.org/conda-forge/linux-64/libxcrypt-4.4.36-hd590300_1.conda
      - conda: https://conda.anaconda.org/conda-forge/linux-64/libzlib-1.3.1-h4ab18f5_1.conda
      - conda: https://conda.anaconda.org/conda-forge/linux-64/ncurses-6.5-he02047a_1.conda
      - conda: https://conda.anaconda.org/conda-forge/linux-64/ninja-1.12.1-h297d8ca_0.conda
      - conda: https://conda.anaconda.org/conda-forge/linux-64/openssl-3.3.2-hb9d3cd8_0.conda
      - conda: https://conda.anaconda.org/conda-forge/linux-64/python-3.12.5-h2ad013b_0_cpython.conda
      - conda: https://conda.anaconda.org/conda-forge/linux-64/readline-8.2-h8228510_1.conda
      - conda: https://conda.anaconda.org/conda-forge/linux-64/rhash-1.4.4-hd590300_0.conda
      - conda: https://conda.anaconda.org/conda-forge/noarch/sysroot_linux-64-2.17-h4a8ded7_16.conda
      - conda: https://conda.anaconda.org/conda-forge/linux-64/tk-8.6.13-noxft_h4845f30_101.conda
      - conda: https://conda.anaconda.org/conda-forge/noarch/tzdata-2024a-h8827d51_1.conda
      - conda: https://conda.anaconda.org/conda-forge/linux-64/xz-5.2.6-h166bdaf_0.tar.bz2
      - conda: https://conda.anaconda.org/conda-forge/linux-64/zstd-1.5.6-ha6fb4c9_0.conda
packages:
- kind: conda
  name: _libgcc_mutex
  version: '0.1'
  build: conda_forge
  subdir: linux-64
  url: https://conda.anaconda.org/conda-forge/linux-64/_libgcc_mutex-0.1-conda_forge.tar.bz2
  sha256: fe51de6107f9edc7aa4f786a70f4a883943bc9d39b3bb7307c04c41410990726
  md5: d7c89558ba9fa0495403155b64376d81
  license: None
  size: 2562
  timestamp: 1578324546067
- kind: conda
  name: _openmp_mutex
  version: '4.5'
  build: 2_gnu
  build_number: 16
  subdir: linux-64
  url: https://conda.anaconda.org/conda-forge/linux-64/_openmp_mutex-4.5-2_gnu.tar.bz2
  sha256: fbe2c5e56a653bebb982eda4876a9178aedfc2b545f25d0ce9c4c0b508253d22
  md5: 73aaf86a425cc6e73fcf236a5a46396d
  depends:
  - _libgcc_mutex 0.1 conda_forge
  - libgomp >=7.5.0
  constrains:
  - openmp_impl 9999
  license: BSD-3-Clause
  license_family: BSD
  size: 23621
  timestamp: 1650670423406
- kind: conda
  name: _sysroot_linux-64_curr_repodata_hack
  version: '3'
  build: h69a702a_16
  build_number: 16
  subdir: noarch
  noarch: generic
  url: https://conda.anaconda.org/conda-forge/noarch/_sysroot_linux-64_curr_repodata_hack-3-h69a702a_16.conda
  sha256: 6ac30acdbfd3136ee7a1de28af4355165291627e905715611726e674499b0786
  md5: 1c005af0c6ff22814b7c52ee448d4bea
  license: LGPL-2.0-or-later AND LGPL-2.0-or-later WITH exceptions AND GPL-2.0-or-later AND MPL-2.0
  license_family: GPL
  size: 20798
  timestamp: 1720621358501
- kind: conda
  name: abseil-cpp
  version: '20220623.0'
  build: h8cdb687_6
  build_number: 6
  subdir: linux-64
  url: https://conda.anaconda.org/conda-forge/linux-64/abseil-cpp-20220623.0-h8cdb687_6.conda
  sha256: a6dd16ec9c412605440b0f0c63e92f8c250ce771f94e4bd670acc24ff4ac30ec
  md5: ef7be8608c686c5164281251caeba49b
  depends:
  - libabseil 20220623.0 cxx17_h05df665_6
  license: Apache-2.0
  license_family: Apache
  size: 17076
  timestamp: 1670671750703
- kind: conda
  name: binutils_impl_linux-64
  version: '2.40'
  build: ha1999f0_7
  build_number: 7
  subdir: linux-64
  url: https://conda.anaconda.org/conda-forge/linux-64/binutils_impl_linux-64-2.40-ha1999f0_7.conda
  sha256: 230f3136d17fdcf0e6da3a3ae59118570bc18106d79dd29bf2f341338d2a42c4
  md5: 3f840c7ed70a96b5ebde8044b2f36f32
  depends:
  - ld_impl_linux-64 2.40 hf3520f5_7
  - sysroot_linux-64
  license: GPL-3.0-only
  license_family: GPL
  size: 6250821
  timestamp: 1718625666382
- kind: conda
  name: bzip2
  version: 1.0.8
  build: h4bc722e_7
  build_number: 7
  subdir: linux-64
  url: https://conda.anaconda.org/conda-forge/linux-64/bzip2-1.0.8-h4bc722e_7.conda
  sha256: 5ced96500d945fb286c9c838e54fa759aa04a7129c59800f0846b4335cee770d
  md5: 62ee74e96c5ebb0af99386de58cf9553
  depends:
  - __glibc >=2.17,<3.0.a0
  - libgcc-ng >=12
  license: bzip2-1.0.6
  license_family: BSD
  size: 252783
  timestamp: 1720974456583
- kind: conda
  name: c-ares
  version: 1.33.1
  build: heb4867d_0
  subdir: linux-64
  url: https://conda.anaconda.org/conda-forge/linux-64/c-ares-1.33.1-heb4867d_0.conda
  sha256: 2cb24f613eaf2850b1a08f28f967b10d8bd44ef623efa0154dc45eb718776be6
  md5: 0d3c60291342c0c025db231353376dfb
  depends:
  - __glibc >=2.28,<3.0.a0
  - libgcc-ng >=13
  license: MIT
  license_family: MIT
  size: 182796
  timestamp: 1724438109690
- kind: conda
  name: ca-certificates
  version: 2024.8.30
  build: hbcca054_0
  subdir: linux-64
  url: https://conda.anaconda.org/conda-forge/linux-64/ca-certificates-2024.8.30-hbcca054_0.conda
  sha256: afee721baa6d988e27fef1832f68d6f32ac8cc99cdf6015732224c2841a09cea
  md5: c27d1c142233b5bc9ca570c6e2e0c244
  license: ISC
  size: 159003
  timestamp: 1725018903918
- kind: conda
  name: cmake
  version: 3.30.3
  build: hf9cb763_0
  subdir: linux-64
  url: https://conda.anaconda.org/conda-forge/linux-64/cmake-3.30.3-hf9cb763_0.conda
  sha256: c7be0a5c4557942ca6797bf07a9736eede2bca64cb59fdb3934cdaf49ae1836a
  md5: fc8302679ce2d68307de499d01236928
  depends:
  - __glibc >=2.17,<3.0.a0
  - bzip2 >=1.0.8,<2.0a0
  - libcurl >=8.9.1,<9.0a0
  - libexpat >=2.6.2,<3.0a0
  - libgcc >=13
  - libstdcxx >=13
  - libuv >=1.48.0,<2.0a0
  - libzlib >=1.3.1,<2.0a0
  - ncurses >=6.5,<7.0a0
  - rhash >=1.4.4,<2.0a0
  - xz >=5.2.6,<6.0a0
  - zstd >=1.5.6,<1.6.0a0
  license: BSD-3-Clause
  license_family: BSD
  size: 19719059
  timestamp: 1725001559105
- kind: conda
  name: gcc
  version: 14.1.0
  build: h6f9ffa1_1
  build_number: 1
  subdir: linux-64
  url: https://conda.anaconda.org/conda-forge/linux-64/gcc-14.1.0-h6f9ffa1_1.conda
  sha256: 2d5c513f6bee00a853cf51a8629c2a453bef387b13c72a6fa15ea60bc62035ce
  md5: 595dbf08d669d19b0aeda43015a47127
  depends:
  - gcc_impl_linux-64 14.1.0.*
  license: BSD-3-Clause
  license_family: BSD
  size: 53884
  timestamp: 1724802102436
- kind: conda
  name: gcc_impl_linux-64
  version: 14.1.0
  build: h3c94d91_1
  build_number: 1
  subdir: linux-64
  url: https://conda.anaconda.org/conda-forge/linux-64/gcc_impl_linux-64-14.1.0-h3c94d91_1.conda
  sha256: 295f03681896f1660deb1a3b3b1d41b17da8089b0de5233c04ddc8c8f6a55854
  md5: 4e32ec060bf4a30c6fff81a920dc0ec9
  depends:
  - binutils_impl_linux-64 >=2.40
  - libgcc >=14.1.0
  - libgcc-devel_linux-64 14.1.0 h5d3d1c9_101
  - libgomp >=14.1.0
  - libsanitizer 14.1.0 hcba0ae0_1
  - libstdcxx >=14.1.0
  - sysroot_linux-64
  license: GPL-3.0-only WITH GCC-exception-3.1
  license_family: GPL
  size: 73076591
  timestamp: 1724801948880
- kind: conda
  name: gxx
  version: 14.1.0
  build: h6f9ffa1_1
  build_number: 1
  subdir: linux-64
  url: https://conda.anaconda.org/conda-forge/linux-64/gxx-14.1.0-h6f9ffa1_1.conda
  sha256: cb78aa568f159910305d19af5e0a430bc05d80a622506294d092af5653d5c874
  md5: 57fab22b63ffbb665cfa4cdbbc8e20dc
  depends:
  - gcc 14.1.0.*
  - gxx_impl_linux-64 14.1.0.*
  license: BSD-3-Clause
  license_family: BSD
  size: 53311
  timestamp: 1724802255033
- kind: conda
  name: gxx_impl_linux-64
  version: 14.1.0
  build: h8d00ecb_1
  build_number: 1
  subdir: linux-64
  url: https://conda.anaconda.org/conda-forge/linux-64/gxx_impl_linux-64-14.1.0-h8d00ecb_1.conda
  sha256: b174bff65195199188a3171120c56cb0fda6e91be97d5ec9002a0b0634241b58
  md5: 6ae4069622b29253444c3326613a8e1a
  depends:
  - gcc_impl_linux-64 14.1.0 h3c94d91_1
  - libstdcxx-devel_linux-64 14.1.0 h5d3d1c9_101
  - sysroot_linux-64
  - tzdata
  license: GPL-3.0-only WITH GCC-exception-3.1
  license_family: GPL
  size: 15003123
  timestamp: 1724802208677
- kind: conda
  name: kernel-headers_linux-64
  version: 3.10.0
  build: h4a8ded7_16
  build_number: 16
  subdir: noarch
  noarch: generic
  url: https://conda.anaconda.org/conda-forge/noarch/kernel-headers_linux-64-3.10.0-h4a8ded7_16.conda
  sha256: a55044e0f61058a5f6bab5e1dd7f15a1fa7a08ec41501dbfca5ab0fc50b9c0c1
  md5: ff7f38675b226cfb855aebfc32a13e31
  depends:
  - _sysroot_linux-64_curr_repodata_hack 3.*
  constrains:
  - sysroot_linux-64 ==2.17
  license: LGPL-2.0-or-later AND LGPL-2.0-or-later WITH exceptions AND GPL-2.0-or-later AND MPL-2.0
  license_family: GPL
  size: 944344
  timestamp: 1720621422017
- kind: conda
  name: keyutils
  version: 1.6.1
  build: h166bdaf_0
  subdir: linux-64
  url: https://conda.anaconda.org/conda-forge/linux-64/keyutils-1.6.1-h166bdaf_0.tar.bz2
  sha256: 150c05a6e538610ca7c43beb3a40d65c90537497a4f6a5f4d15ec0451b6f5ebb
  md5: 30186d27e2c9fa62b45fb1476b7200e3
  depends:
  - libgcc-ng >=10.3.0
  license: LGPL-2.1-or-later
  size: 117831
  timestamp: 1646151697040
- kind: conda
  name: krb5
  version: 1.21.3
  build: h659f571_0
  subdir: linux-64
  url: https://conda.anaconda.org/conda-forge/linux-64/krb5-1.21.3-h659f571_0.conda
  sha256: 99df692f7a8a5c27cd14b5fb1374ee55e756631b9c3d659ed3ee60830249b238
  md5: 3f43953b7d3fb3aaa1d0d0723d91e368
  depends:
  - keyutils >=1.6.1,<2.0a0
  - libedit >=3.1.20191231,<3.2.0a0
  - libedit >=3.1.20191231,<4.0a0
  - libgcc-ng >=12
  - libstdcxx-ng >=12
  - openssl >=3.3.1,<4.0a0
  license: MIT
  license_family: MIT
  size: 1370023
  timestamp: 1719463201255
- kind: conda
  name: ld_impl_linux-64
  version: '2.40'
  build: hf3520f5_7
  build_number: 7
  subdir: linux-64
  url: https://conda.anaconda.org/conda-forge/linux-64/ld_impl_linux-64-2.40-hf3520f5_7.conda
  sha256: 764b6950aceaaad0c67ef925417594dd14cd2e22fff864aeef455ac259263d15
  md5: b80f2f396ca2c28b8c14c437a4ed1e74
  constrains:
  - binutils_impl_linux-64 2.40
  license: GPL-3.0-only
  license_family: GPL
  size: 707602
  timestamp: 1718625640445
- kind: conda
  name: libabseil
  version: '20220623.0'
  build: cxx17_h05df665_6
  build_number: 6
  subdir: linux-64
  url: https://conda.anaconda.org/conda-forge/linux-64/libabseil-20220623.0-cxx17_h05df665_6.conda
  sha256: 3b2f0b6218d27f545aec2fa27dbb771d3b6497379c3b5804513e142a5e404ba0
  md5: 39f6394ae835f0b16f01cbbd3bb1e8e2
  depends:
  - libgcc-ng >=12
  - libstdcxx-ng >=12
  constrains:
  - libabseil-static =20220623.0=cxx17*
  - abseil-cpp =20220623.0
  license: Apache-2.0
  license_family: Apache
  size: 1107051
  timestamp: 1670671741614
- kind: conda
  name: libcurl
  version: 8.10.1
  build: hbbe4b11_0
  subdir: linux-64
  url: https://conda.anaconda.org/conda-forge/linux-64/libcurl-8.10.1-hbbe4b11_0.conda
  sha256: 54e6114dfce566c3a22ad3b7b309657e3600cdb668398e95f1301360d5d52c99
  md5: 6e801c50a40301f6978c53976917b277
  depends:
  - __glibc >=2.17,<3.0.a0
  - krb5 >=1.21.3,<1.22.0a0
  - libgcc >=13
  - libnghttp2 >=1.58.0,<2.0a0
  - libssh2 >=1.11.0,<2.0a0
  - libzlib >=1.3.1,<2.0a0
  - openssl >=3.3.2,<4.0a0
  - zstd >=1.5.6,<1.6.0a0
  license: curl
  license_family: MIT
  size: 424900
  timestamp: 1726659794676
- kind: conda
  name: libedit
  version: 3.1.20191231
  build: he28a2e2_2
  build_number: 2
  subdir: linux-64
  url: https://conda.anaconda.org/conda-forge/linux-64/libedit-3.1.20191231-he28a2e2_2.tar.bz2
  sha256: a57d37c236d8f7c886e01656f4949d9dcca131d2a0728609c6f7fa338b65f1cf
  md5: 4d331e44109e3f0e19b4cb8f9b82f3e1
  depends:
  - libgcc-ng >=7.5.0
  - ncurses >=6.2,<7.0.0a0
  license: BSD-2-Clause
  license_family: BSD
  size: 123878
  timestamp: 1597616541093
- kind: conda
  name: libev
  version: '4.33'
  build: hd590300_2
  build_number: 2
  subdir: linux-64
  url: https://conda.anaconda.org/conda-forge/linux-64/libev-4.33-hd590300_2.conda
  sha256: 1cd6048169fa0395af74ed5d8f1716e22c19a81a8a36f934c110ca3ad4dd27b4
  md5: 172bf1cd1ff8629f2b1179945ed45055
  depends:
  - libgcc-ng >=12
  license: BSD-2-Clause
  license_family: BSD
  size: 112766
  timestamp: 1702146165126
- kind: conda
  name: libexpat
  version: 2.6.3
  build: h5888daf_0
  subdir: linux-64
  url: https://conda.anaconda.org/conda-forge/linux-64/libexpat-2.6.3-h5888daf_0.conda
  sha256: 4bb47bb2cd09898737a5211e2992d63c555d63715a07ba56eae0aff31fb89c22
  md5: 59f4c43bb1b5ef1c71946ff2cbf59524
  depends:
  - __glibc >=2.17,<3.0.a0
  - libgcc >=13
  constrains:
  - expat 2.6.3.*
  license: MIT
  license_family: MIT
  size: 73616
  timestamp: 1725568742634
- kind: conda
  name: libffi
  version: 3.4.2
  build: h7f98852_5
  build_number: 5
  subdir: linux-64
  url: https://conda.anaconda.org/conda-forge/linux-64/libffi-3.4.2-h7f98852_5.tar.bz2
  sha256: ab6e9856c21709b7b517e940ae7028ae0737546122f83c2aa5d692860c3b149e
  md5: d645c6d2ac96843a2bfaccd2d62b3ac3
  depends:
  - libgcc-ng >=9.4.0
  license: MIT
  license_family: MIT
  size: 58292
  timestamp: 1636488182923
- kind: conda
  name: libgcc
  version: 14.1.0
  build: h77fa898_1
  build_number: 1
  subdir: linux-64
  url: https://conda.anaconda.org/conda-forge/linux-64/libgcc-14.1.0-h77fa898_1.conda
  sha256: 10fa74b69266a2be7b96db881e18fa62cfa03082b65231e8d652e897c4b335a3
  md5: 002ef4463dd1e2b44a94a4ace468f5d2
  depends:
  - _libgcc_mutex 0.1 conda_forge
  - _openmp_mutex >=4.5
  constrains:
  - libgomp 14.1.0 h77fa898_1
  - libgcc-ng ==14.1.0=*_1
  license: GPL-3.0-only WITH GCC-exception-3.1
  license_family: GPL
  size: 846380
  timestamp: 1724801836552
- kind: conda
  name: libgcc-devel_linux-64
  version: 14.1.0
  build: h5d3d1c9_101
  build_number: 101
  subdir: noarch
  noarch: generic
  url: https://conda.anaconda.org/conda-forge/noarch/libgcc-devel_linux-64-14.1.0-h5d3d1c9_101.conda
  sha256: 3fead56fd86c615e69f96e033394504dbf5f1dec7de6ac4b7eb2d296bde5eacf
  md5: 713834677de996ac1bc1b0b305ba46ba
  depends:
  - __unix
  license: GPL-3.0-only WITH GCC-exception-3.1
  license_family: GPL
  size: 2753460
  timestamp: 1724801729615
- kind: conda
  name: libgcc-ng
  version: 14.1.0
  build: h69a702a_1
  build_number: 1
  subdir: linux-64
  url: https://conda.anaconda.org/conda-forge/linux-64/libgcc-ng-14.1.0-h69a702a_1.conda
  sha256: b91f7021e14c3d5c840fbf0dc75370d6e1f7c7ff4482220940eaafb9c64613b7
  md5: 1efc0ad219877a73ef977af7dbb51f17
  depends:
  - libgcc 14.1.0 h77fa898_1
  license: GPL-3.0-only WITH GCC-exception-3.1
  license_family: GPL
  size: 52170
  timestamp: 1724801842101
- kind: conda
  name: libgomp
  version: 14.1.0
  build: h77fa898_1
  build_number: 1
  subdir: linux-64
  url: https://conda.anaconda.org/conda-forge/linux-64/libgomp-14.1.0-h77fa898_1.conda
  sha256: c96724c8ae4ee61af7674c5d9e5a3fbcf6cd887a40ad5a52c99aa36f1d4f9680
  md5: 23c255b008c4f2ae008f81edcabaca89
  depends:
  - _libgcc_mutex 0.1 conda_forge
  license: GPL-3.0-only WITH GCC-exception-3.1
  license_family: GPL
  size: 460218
  timestamp: 1724801743478
- kind: conda
  name: libnghttp2
  version: 1.58.0
  build: h47da74e_1
  build_number: 1
  subdir: linux-64
  url: https://conda.anaconda.org/conda-forge/linux-64/libnghttp2-1.58.0-h47da74e_1.conda
  sha256: 1910c5306c6aa5bcbd623c3c930c440e9c77a5a019008e1487810e3c1d3716cb
  md5: 700ac6ea6d53d5510591c4344d5c989a
  depends:
  - c-ares >=1.23.0,<2.0a0
  - libev >=4.33,<4.34.0a0
  - libev >=4.33,<5.0a0
  - libgcc-ng >=12
  - libstdcxx-ng >=12
  - libzlib >=1.2.13,<2.0.0a0
  - openssl >=3.2.0,<4.0a0
  license: MIT
  license_family: MIT
  size: 631936
  timestamp: 1702130036271
- kind: conda
  name: libnsl
  version: 2.0.1
  build: hd590300_0
  subdir: linux-64
  url: https://conda.anaconda.org/conda-forge/linux-64/libnsl-2.0.1-hd590300_0.conda
  sha256: 26d77a3bb4dceeedc2a41bd688564fe71bf2d149fdcf117049970bc02ff1add6
  md5: 30fd6e37fe21f86f4bd26d6ee73eeec7
  depends:
  - libgcc-ng >=12
  license: LGPL-2.1-only
  license_family: GPL
  size: 33408
  timestamp: 1697359010159
- kind: conda
  name: libsanitizer
  version: 14.1.0
  build: hcba0ae0_1
  build_number: 1
  subdir: linux-64
  url: https://conda.anaconda.org/conda-forge/linux-64/libsanitizer-14.1.0-hcba0ae0_1.conda
  sha256: f653c694bb99e36aa0acdb25c8dae0f3b6d090e10068d6734be570c937abc811
  md5: b56e6664bb9a57a29fd91df582223409
  depends:
  - libgcc >=14.1.0
  - libstdcxx >=14.1.0
  license: GPL-3.0-only WITH GCC-exception-3.1
  license_family: GPL
  size: 4530998
  timestamp: 1724801881195
- kind: conda
  name: libsqlite
  version: 3.46.1
  build: hadc24fc_0
  subdir: linux-64
  url: https://conda.anaconda.org/conda-forge/linux-64/libsqlite-3.46.1-hadc24fc_0.conda
  sha256: 9851c049abafed3ee329d6c7c2033407e2fc269d33a75c071110ab52300002b0
  md5: 36f79405ab16bf271edb55b213836dac
  depends:
  - __glibc >=2.17,<3.0.a0
  - libgcc >=13
  - libzlib >=1.3.1,<2.0a0
  license: Unlicense
  size: 865214
  timestamp: 1725353659783
- kind: conda
  name: libssh2
  version: 1.11.0
  build: h0841786_0
  subdir: linux-64
  url: https://conda.anaconda.org/conda-forge/linux-64/libssh2-1.11.0-h0841786_0.conda
  sha256: 50e47fd9c4f7bf841a11647ae7486f65220cfc988ec422a4475fe8d5a823824d
  md5: 1f5a58e686b13bcfde88b93f547d23fe
  depends:
  - libgcc-ng >=12
  - libzlib >=1.2.13,<2.0.0a0
  - openssl >=3.1.1,<4.0a0
  license: BSD-3-Clause
  license_family: BSD
  size: 271133
  timestamp: 1685837707056
- kind: conda
  name: libstdcxx
  version: 14.1.0
  build: hc0a3c3a_1
  build_number: 1
  subdir: linux-64
  url: https://conda.anaconda.org/conda-forge/linux-64/libstdcxx-14.1.0-hc0a3c3a_1.conda
  sha256: 44decb3d23abacf1c6dd59f3c152a7101b7ca565b4ef8872804ceaedcc53a9cd
  md5: 9dbb9699ea467983ba8a4ba89b08b066
  depends:
  - libgcc 14.1.0 h77fa898_1
  license: GPL-3.0-only WITH GCC-exception-3.1
  license_family: GPL
  size: 3892781
  timestamp: 1724801863728
- kind: conda
  name: libstdcxx-devel_linux-64
  version: 14.1.0
  build: h5d3d1c9_101
  build_number: 101
  subdir: noarch
  noarch: generic
  url: https://conda.anaconda.org/conda-forge/noarch/libstdcxx-devel_linux-64-14.1.0-h5d3d1c9_101.conda
  sha256: 04b83484bbda30f930be2b4c6beadec54424a9af1d12d0abfec63c470f3f2441
  md5: e007246a554aaf42f73fbfd4be8db3e4
  depends:
  - __unix
  license: GPL-3.0-only WITH GCC-exception-3.1
  license_family: GPL
  size: 14035836
  timestamp: 1724801757659
- kind: conda
  name: libstdcxx-ng
  version: 14.1.0
  build: h4852527_1
  build_number: 1
  subdir: linux-64
  url: https://conda.anaconda.org/conda-forge/linux-64/libstdcxx-ng-14.1.0-h4852527_1.conda
  sha256: a2dc44f97290740cc187bfe94ce543e6eb3c2ea8964d99f189a1d8c97b419b8c
  md5: bd2598399a70bb86d8218e95548d735e
  depends:
  - libstdcxx 14.1.0 hc0a3c3a_1
  license: GPL-3.0-only WITH GCC-exception-3.1
  license_family: GPL
  size: 52219
  timestamp: 1724801897766
- kind: conda
  name: libuuid
  version: 2.38.1
  build: h0b41bf4_0
  subdir: linux-64
  url: https://conda.anaconda.org/conda-forge/linux-64/libuuid-2.38.1-h0b41bf4_0.conda
  sha256: 787eb542f055a2b3de553614b25f09eefb0a0931b0c87dbcce6efdfd92f04f18
  md5: 40b61aab5c7ba9ff276c41cfffe6b80b
  depends:
  - libgcc-ng >=12
  license: BSD-3-Clause
  license_family: BSD
  size: 33601
  timestamp: 1680112270483
- kind: conda
  name: libuv
  version: 1.48.0
  build: hd590300_0
  subdir: linux-64
  url: https://conda.anaconda.org/conda-forge/linux-64/libuv-1.48.0-hd590300_0.conda
  sha256: b7c0e8a0c93c2621be7645b37123d4e8d27e8a974da26a3fba47a9c37711aa7f
  md5: 7e8b914b1062dd4386e3de4d82a3ead6
  depends:
  - libgcc-ng >=12
  license: MIT
  license_family: MIT
  size: 899979
  timestamp: 1709913354710
- kind: conda
  name: libxcrypt
  version: 4.4.36
  build: hd590300_1
  build_number: 1
  subdir: linux-64
  url: https://conda.anaconda.org/conda-forge/linux-64/libxcrypt-4.4.36-hd590300_1.conda
  sha256: 6ae68e0b86423ef188196fff6207ed0c8195dd84273cb5623b85aa08033a410c
  md5: 5aa797f8787fe7a17d1b0821485b5adc
  depends:
  - libgcc-ng >=12
  license: LGPL-2.1-or-later
  size: 100393
  timestamp: 1702724383534
- kind: conda
  name: libzlib
  version: 1.3.1
  build: h4ab18f5_1
  build_number: 1
  subdir: linux-64
  url: https://conda.anaconda.org/conda-forge/linux-64/libzlib-1.3.1-h4ab18f5_1.conda
  sha256: adf6096f98b537a11ae3729eaa642b0811478f0ea0402ca67b5108fe2cb0010d
  md5: 57d7dc60e9325e3de37ff8dffd18e814
  depends:
  - libgcc-ng >=12
  constrains:
  - zlib 1.3.1 *_1
  license: Zlib
  license_family: Other
  size: 61574
  timestamp: 1716874187109
- kind: conda
  name: ncurses
  version: '6.5'
  build: he02047a_1
  build_number: 1
  subdir: linux-64
  url: https://conda.anaconda.org/conda-forge/linux-64/ncurses-6.5-he02047a_1.conda
  sha256: 6a1d5d8634c1a07913f1c525db6455918cbc589d745fac46d9d6e30340c8731a
  md5: 70caf8bb6cf39a0b6b7efc885f51c0fe
  depends:
  - __glibc >=2.17,<3.0.a0
  - libgcc-ng >=12
  license: X11 AND BSD-3-Clause
  size: 889086
  timestamp: 1724658547447
- kind: conda
  name: ninja
  version: 1.12.1
  build: h297d8ca_0
  subdir: linux-64
  url: https://conda.anaconda.org/conda-forge/linux-64/ninja-1.12.1-h297d8ca_0.conda
  sha256: 40f7b76b07067935f8a5886aab0164067b7aa71eb5ad20b7278618c0c2c98e06
  md5: 3aa1c7e292afeff25a0091ddd7c69b72
  depends:
  - libgcc-ng >=12
  - libstdcxx-ng >=12
  license: Apache-2.0
  license_family: Apache
  size: 2198858
  timestamp: 1715440571685
- kind: conda
  name: openssl
  version: 3.3.2
  build: hb9d3cd8_0
  subdir: linux-64
  url: https://conda.anaconda.org/conda-forge/linux-64/openssl-3.3.2-hb9d3cd8_0.conda
  sha256: cee91036686419f6dd6086902acf7142b4916e1c4ba042e9ca23e151da012b6d
  md5: 4d638782050ab6faa27275bed57e9b4e
  depends:
  - __glibc >=2.17,<3.0.a0
  - ca-certificates
  - libgcc >=13
  license: Apache-2.0
  license_family: Apache
  size: 2891789
  timestamp: 1725410790053
- kind: conda
  name: python
  version: 3.12.5
  build: h2ad013b_0_cpython
  subdir: linux-64
  url: https://conda.anaconda.org/conda-forge/linux-64/python-3.12.5-h2ad013b_0_cpython.conda
  sha256: e2aad83838988725d4ffba4e9717b9328054fd18a668cff3377e0c50f109e8bd
  md5: 9c56c4df45f6571b13111d8df2448692
  depends:
  - __glibc >=2.17,<3.0.a0
  - bzip2 >=1.0.8,<2.0a0
  - ld_impl_linux-64 >=2.36.1
  - libexpat >=2.6.2,<3.0a0
  - libffi >=3.4,<4.0a0
  - libgcc-ng >=12
  - libnsl >=2.0.1,<2.1.0a0
  - libsqlite >=3.46.0,<4.0a0
  - libuuid >=2.38.1,<3.0a0
  - libxcrypt >=4.4.36
  - libzlib >=1.3.1,<2.0a0
  - ncurses >=6.5,<7.0a0
  - openssl >=3.3.1,<4.0a0
  - readline >=8.2,<9.0a0
  - tk >=8.6.13,<8.7.0a0
  - tzdata
  - xz >=5.2.6,<6.0a0
  constrains:
  - python_abi 3.12.* *_cp312
  license: Python-2.0
  size: 31663253
  timestamp: 1723143721353
- kind: conda
  name: readline
  version: '8.2'
  build: h8228510_1
  build_number: 1
  subdir: linux-64
  url: https://conda.anaconda.org/conda-forge/linux-64/readline-8.2-h8228510_1.conda
  sha256: 5435cf39d039387fbdc977b0a762357ea909a7694d9528ab40f005e9208744d7
  md5: 47d31b792659ce70f470b5c82fdfb7a4
  depends:
  - libgcc-ng >=12
  - ncurses >=6.3,<7.0a0
  license: GPL-3.0-only
  license_family: GPL
  size: 281456
  timestamp: 1679532220005
- kind: conda
  name: rhash
  version: 1.4.4
  build: hd590300_0
  subdir: linux-64
  url: https://conda.anaconda.org/conda-forge/linux-64/rhash-1.4.4-hd590300_0.conda
  sha256: 12711d2d4a808a503c2e49b25d26ecb351435521e814c154e682dd2be71c2611
  md5: ec972a9a2925ac8d7a19eb9606561fff
  depends:
  - libgcc-ng >=12
  license: MIT
  license_family: MIT
  size: 185144
  timestamp: 1693455923632
- kind: conda
  name: sysroot_linux-64
  version: '2.17'
  build: h4a8ded7_16
  build_number: 16
  subdir: noarch
  noarch: generic
  url: https://conda.anaconda.org/conda-forge/noarch/sysroot_linux-64-2.17-h4a8ded7_16.conda
  sha256: b892b0b9c6dc8efe8b9b5442597d1ab8d65c0dc7e4e5a80f822cbdf0a639bd77
  md5: 223fe8a3ff6d5e78484a9d58eb34d055
  depends:
  - _sysroot_linux-64_curr_repodata_hack 3.*
  - kernel-headers_linux-64 3.10.0 h4a8ded7_16
  - tzdata
  license: LGPL-2.0-or-later AND LGPL-2.0-or-later WITH exceptions AND GPL-2.0-or-later AND MPL-2.0
  license_family: GPL
  size: 15513240
  timestamp: 1720621429816
- kind: conda
  name: tk
  version: 8.6.13
  build: noxft_h4845f30_101
  build_number: 101
  subdir: linux-64
  url: https://conda.anaconda.org/conda-forge/linux-64/tk-8.6.13-noxft_h4845f30_101.conda
  sha256: e0569c9caa68bf476bead1bed3d79650bb080b532c64a4af7d8ca286c08dea4e
  md5: d453b98d9c83e71da0741bb0ff4d76bc
  depends:
  - libgcc-ng >=12
  - libzlib >=1.2.13,<2.0.0a0
  license: TCL
  license_family: BSD
  size: 3318875
  timestamp: 1699202167581
- kind: conda
  name: tzdata
  version: 2024a
  build: h8827d51_1
  build_number: 1
  subdir: noarch
  noarch: generic
  url: https://conda.anaconda.org/conda-forge/noarch/tzdata-2024a-h8827d51_1.conda
  sha256: 7d21c95f61319dba9209ca17d1935e6128af4235a67ee4e57a00908a1450081e
  md5: 8bfdead4e0fff0383ae4c9c50d0531bd
  license: LicenseRef-Public-Domain
  size: 124164
  timestamp: 1724736371498
- kind: conda
  name: xz
  version: 5.2.6
  build: h166bdaf_0
  subdir: linux-64
  url: https://conda.anaconda.org/conda-forge/linux-64/xz-5.2.6-h166bdaf_0.tar.bz2
  sha256: 03a6d28ded42af8a347345f82f3eebdd6807a08526d47899a42d62d319609162
  md5: 2161070d867d1b1204ea749c8eec4ef0
  depends:
  - libgcc-ng >=12
  license: LGPL-2.1 and GPL-2.0
  size: 418368
  timestamp: 1660346797927
- kind: conda
  name: zstd
  version: 1.5.6
  build: ha6fb4c9_0
  subdir: linux-64
  url: https://conda.anaconda.org/conda-forge/linux-64/zstd-1.5.6-ha6fb4c9_0.conda
  sha256: c558b9cc01d9c1444031bd1ce4b9cff86f9085765f17627a6cd85fc623c8a02b
  md5: 4d056880988120e29d75bfff282e0f45
  depends:
  - libgcc-ng >=12
  - libstdcxx-ng >=12
  - libzlib >=1.2.13,<2.0.0a0
  license: BSD-3-Clause
  license_family: BSD
  size: 554846
  timestamp: 1714722996770
